PODS:
  - Alamofire (4.6.0)
  - SnapKit (4.0.0)

DEPENDENCIES:
  - Alamofire (~> 4.5)
  - SnapKit (~> 4.0)

SPEC CHECKSUMS:
  Alamofire: f41a599bd63041760b26d393ec1069d9d7b917f4
  SnapKit: a42d492c16e80209130a3379f73596c3454b7694

PODFILE CHECKSUM: c9bacaaf08c49e37ec38c5f5aaf1c5d0a1b3634c

COCOAPODS: 1.4.0
